// !$*UTF8*$!
{
	archiveVersion = 1;
	classes = {
	};
	objectVersion = 46;
	objects = {

/* Begin PBXBuildFile section */
		406FEDB8198AF3EC0049D886 /* Foundation.framework in Frameworks */ = {isa = PBXBuildFile; fileRef = 406FEDB7198AF3EC0049D886 /* Foundation.framework */; };
		406FEDBA198AF3EC0049D886 /* CoreGraphics.framework in Frameworks */ = {isa = PBXBuildFile; fileRef = 406FEDB9198AF3EC0049D886 /* CoreGraphics.framework */; };
		406FEDBC198AF3EC0049D886 /* UIKit.framework in Frameworks */ = {isa = PBXBuildFile; fileRef = 406FEDBB198AF3EC0049D886 /* UIKit.framework */; };
		406FEDC2198AF3EC0049D886 /* InfoPlist.strings in Resources */ = {isa = PBXBuildFile; fileRef = 406FEDC0198AF3EC0049D886 /* InfoPlist.strings */; };
		406FEDC4198AF3EC0049D886 /* main.m in Sources */ = {isa = PBXBuildFile; fileRef = 406FEDC3198AF3EC0049D886 /* main.m */; };
		406FEDC8198AF3EC0049D886 /* SPAppDelegate.m in Sources */ = {isa = PBXBuildFile; fileRef = 406FEDC7198AF3EC0049D886 /* SPAppDelegate.m */; };
		406FEDCB198AF3EC0049D886 /* Main.storyboard in Resources */ = {isa = PBXBuildFile; fileRef = 406FEDC9198AF3EC0049D886 /* Main.storyboard */; };
		406FEDCE198AF3EC0049D886 /* SPViewController.m in Sources */ = {isa = PBXBuildFile; fileRef = 406FEDCD198AF3EC0049D886 /* SPViewController.m */; };
		406FEDD0198AF3EC0049D886 /* Images.xcassets in Resources */ = {isa = PBXBuildFile; fileRef = 406FEDCF198AF3EC0049D886 /* Images.xcassets */; };
		406FEDD7198AF3EC0049D886 /* XCTest.framework in Frameworks */ = {isa = PBXBuildFile; fileRef = 406FEDD6198AF3EC0049D886 /* XCTest.framework */; };
		406FEDD8198AF3EC0049D886 /* Foundation.framework in Frameworks */ = {isa = PBXBuildFile; fileRef = 406FEDB7198AF3EC0049D886 /* Foundation.framework */; };
		406FEDD9198AF3EC0049D886 /* UIKit.framework in Frameworks */ = {isa = PBXBuildFile; fileRef = 406FEDBB198AF3EC0049D886 /* UIKit.framework */; };
		406FEDE1198AF3EC0049D886 /* InfoPlist.strings in Resources */ = {isa = PBXBuildFile; fileRef = 406FEDDF198AF3EC0049D886 /* InfoPlist.strings */; };
		406FEDE3198AF3EC0049D886 /* DrawingCirclesTests.m in Sources */ = {isa = PBXBuildFile; fileRef = 406FEDE2198AF3EC0049D886 /* DrawingCirclesTests.m */; };
		406FEDF0198AF6220049D886 /* SPShapeCircleLayer.m in Sources */ = {isa = PBXBuildFile; fileRef = 406FEDED198AF6220049D886 /* SPShapeCircleLayer.m */; };
		406FEDF1198AF6220049D886 /* SPDrawCircleLayer.m in Sources */ = {isa = PBXBuildFile; fileRef = 406FEDEF198AF6220049D886 /* SPDrawCircleLayer.m */; };
/* End PBXBuildFile section */

/* Begin PBXContainerItemProxy section */
		406FEDDA198AF3EC0049D886 /* PBXContainerItemProxy */ = {
			isa = PBXContainerItemProxy;
			containerPortal = 406FEDAC198AF3EC0049D886 /* Project object */;
			proxyType = 1;
			remoteGlobalIDString = 406FEDB3198AF3EC0049D886;
			remoteInfo = DrawingCircles;
		};
/* End PBXContainerItemProxy section */

/* Begin PBXFileReference section */
		406FEDB4198AF3EC0049D886 /* DrawingCircles.app */ = {isa = PBXFileReference; explicitFileType = wrapper.application; includeInIndex = 0; path = DrawingCircles.app; sourceTree = BUILT_PRODUCTS_DIR; };
		406FEDB7198AF3EC0049D886 /* Foundation.framework */ = {isa = PBXFileReference; lastKnownFileType = wrapper.framework; name = Foundation.framework; path = System/Library/Frameworks/Foundation.framework; sourceTree = SDKROOT; };
		406FEDB9198AF3EC0049D886 /* CoreGraphics.framework */ = {isa = PBXFileReference; lastKnownFileType = wrapper.framework; name = CoreGraphics.framework; path = System/Library/Frameworks/CoreGraphics.framework; sourceTree = SDKROOT; };
		406FEDBB198AF3EC0049D886 /* UIKit.framework */ = {isa = PBXFileReference; lastKnownFileType = wrapper.framework; name = UIKit.framework; path = System/Library/Frameworks/UIKit.framework; sourceTree = SDKROOT; };
		406FEDBF198AF3EC0049D886 /* DrawingCircles-Info.plist */ = {isa = PBXFileReference; lastKnownFileType = text.plist.xml; path = "DrawingCircles-Info.plist"; sourceTree = "<group>"; };
		406FEDC1198AF3EC0049D886 /* en */ = {isa = PBXFileReference; lastKnownFileType = text.plist.strings; name = en; path = en.lproj/InfoPlist.strings; sourceTree = "<group>"; };
		406FEDC3198AF3EC0049D886 /* main.m */ = {isa = PBXFileReference; lastKnownFileType = sourcecode.c.objc; path = main.m; sourceTree = "<group>"; };
		406FEDC5198AF3EC0049D886 /* DrawingCircles-Prefix.pch */ = {isa = PBXFileReference; lastKnownFileType = sourcecode.c.h; path = "DrawingCircles-Prefix.pch"; sourceTree = "<group>"; };
		406FEDC6198AF3EC0049D886 /* SPAppDelegate.h */ = {isa = PBXFileReference; lastKnownFileType = sourcecode.c.h; path = SPAppDelegate.h; sourceTree = "<group>"; };
		406FEDC7198AF3EC0049D886 /* SPAppDelegate.m */ = {isa = PBXFileReference; lastKnownFileType = sourcecode.c.objc; path = SPAppDelegate.m; sourceTree = "<group>"; };
		406FEDCA198AF3EC0049D886 /* Base */ = {isa = PBXFileReference; lastKnownFileType = file.storyboard; name = Base; path = Base.lproj/Main.storyboard; sourceTree = "<group>"; };
		406FEDCC198AF3EC0049D886 /* SPViewController.h */ = {isa = PBXFileReference; lastKnownFileType = sourcecode.c.h; path = SPViewController.h; sourceTree = "<group>"; };
		406FEDCD198AF3EC0049D886 /* SPViewController.m */ = {isa = PBXFileReference; lastKnownFileType = sourcecode.c.objc; path = SPViewController.m; sourceTree = "<group>"; };
		406FEDCF198AF3EC0049D886 /* Images.xcassets */ = {isa = PBXFileReference; lastKnownFileType = folder.assetcatalog; path = Images.xcassets; sourceTree = "<group>"; };
		406FEDD5198AF3EC0049D886 /* DrawingCirclesTests.xctest */ = {isa = PBXFileReference; explicitFileType = wrapper.cfbundle; includeInIndex = 0; path = DrawingCirclesTests.xctest; sourceTree = BUILT_PRODUCTS_DIR; };
		406FEDD6198AF3EC0049D886 /* XCTest.framework */ = {isa = PBXFileReference; lastKnownFileType = wrapper.framework; name = XCTest.framework; path = Library/Frameworks/XCTest.framework; sourceTree = DEVELOPER_DIR; };
		406FEDDE198AF3EC0049D886 /* DrawingCirclesTests-Info.plist */ = {isa = PBXFileReference; lastKnownFileType = text.plist.xml; path = "DrawingCirclesTests-Info.plist"; sourceTree = "<group>"; };
		406FEDE0198AF3EC0049D886 /* en */ = {isa = PBXFileReference; lastKnownFileType = text.plist.strings; name = en; path = en.lproj/InfoPlist.strings; sourceTree = "<group>"; };
		406FEDE2198AF3EC0049D886 /* DrawingCirclesTests.m */ = {isa = PBXFileReference; lastKnownFileType = sourcecode.c.objc; path = DrawingCirclesTests.m; sourceTree = "<group>"; };
		406FEDEC198AF6220049D886 /* SPShapeCircleLayer.h */ = {isa = PBXFileReference; fileEncoding = 4; lastKnownFileType = sourcecode.c.h; path = SPShapeCircleLayer.h; sourceTree = "<group>"; };
		406FEDED198AF6220049D886 /* SPShapeCircleLayer.m */ = {isa = PBXFileReference; fileEncoding = 4; lastKnownFileType = sourcecode.c.objc; path = SPShapeCircleLayer.m; sourceTree = "<group>"; };
		406FEDEE198AF6220049D886 /* SPDrawCircleLayer.h */ = {isa = PBXFileReference; fileEncoding = 4; lastKnownFileType = sourcecode.c.h; path = SPDrawCircleLayer.h; sourceTree = "<group>"; };
		406FEDEF198AF6220049D886 /* SPDrawCircleLayer.m */ = {isa = PBXFileReference; fileEncoding = 4; lastKnownFileType = sourcecode.c.objc; path = SPDrawCircleLayer.m; sourceTree = "<group>"; };
/* End PBXFileReference section */

/* Begin PBXFrameworksBuildPhase section */
		406FEDB1198AF3EC0049D886 /* Frameworks */ = {
			isa = PBXFrameworksBuildPhase;
			buildActionMask = 2147483647;
			files = (
				406FEDBA198AF3EC0049D886 /* CoreGraphics.framework in Frameworks */,
				406FEDBC198AF3EC0049D886 /* UIKit.framework in Frameworks */,
				406FEDB8198AF3EC0049D886 /* Foundation.framework in Frameworks */,
			);
			runOnlyForDeploymentPostprocessing = 0;
		};
		406FEDD2198AF3EC0049D886 /* Frameworks */ = {
			isa = PBXFrameworksBuildPhase;
			buildActionMask = 2147483647;
			files = (
				406FEDD7198AF3EC0049D886 /* XCTest.framework in Frameworks */,
				406FEDD9198AF3EC0049D886 /* UIKit.framework in Frameworks */,
				406FEDD8198AF3EC0049D886 /* Foundation.framework in Frameworks */,
			);
			runOnlyForDeploymentPostprocessing = 0;
		};
/* End PBXFrameworksBuildPhase section */

/* Begin PBXGroup section */
		406FEDAB198AF3EC0049D886 = {
			isa = PBXGroup;
			children = (
				406FEDBD198AF3EC0049D886 /* DrawingCircles */,
				406FEDDC198AF3EC0049D886 /* DrawingCirclesTests */,
				406FEDB6198AF3EC0049D886 /* Frameworks */,
				406FEDB5198AF3EC0049D886 /* Products */,
			);
			sourceTree = "<group>";
		};
		406FEDB5198AF3EC0049D886 /* Products */ = {
			isa = PBXGroup;
			children = (
				406FEDB4198AF3EC0049D886 /* DrawingCircles.app */,
				406FEDD5198AF3EC0049D886 /* DrawingCirclesTests.xctest */,
			);
			name = Products;
			sourceTree = "<group>";
		};
		406FEDB6198AF3EC0049D886 /* Frameworks */ = {
			isa = PBXGroup;
			children = (
				406FEDB7198AF3EC0049D886 /* Foundation.framework */,
				406FEDB9198AF3EC0049D886 /* CoreGraphics.framework */,
				406FEDBB198AF3EC0049D886 /* UIKit.framework */,
				406FEDD6198AF3EC0049D886 /* XCTest.framework */,
			);
			name = Frameworks;
			sourceTree = "<group>";
		};
		406FEDBD198AF3EC0049D886 /* DrawingCircles */ = {
			isa = PBXGroup;
			children = (
				406FEDC6198AF3EC0049D886 /* SPAppDelegate.h */,
				406FEDC7198AF3EC0049D886 /* SPAppDelegate.m */,
				406FEDC9198AF3EC0049D886 /* Main.storyboard */,
				406FEDCC198AF3EC0049D886 /* SPViewController.h */,
				406FEDCD198AF3EC0049D886 /* SPViewController.m */,
				406FEDEC198AF6220049D886 /* SPShapeCircleLayer.h */,
				406FEDED198AF6220049D886 /* SPShapeCircleLayer.m */,
				406FEDEE198AF6220049D886 /* SPDrawCircleLayer.h */,
				406FEDEF198AF6220049D886 /* SPDrawCircleLayer.m */,
				406FEDCF198AF3EC0049D886 /* Images.xcassets */,
				406FEDBE198AF3EC0049D886 /* Supporting Files */,
			);
			path = DrawingCircles;
			sourceTree = "<group>";
		};
		406FEDBE198AF3EC0049D886 /* Supporting Files */ = {
			isa = PBXGroup;
			children = (
				406FEDBF198AF3EC0049D886 /* DrawingCircles-Info.plist */,
				406FEDC0198AF3EC0049D886 /* InfoPlist.strings */,
				406FEDC3198AF3EC0049D886 /* main.m */,
				406FEDC5198AF3EC0049D886 /* DrawingCircles-Prefix.pch */,
			);
			name = "Supporting Files";
			sourceTree = "<group>";
		};
		406FEDDC198AF3EC0049D886 /* DrawingCirclesTests */ = {
			isa = PBXGroup;
			children = (
				406FEDE2198AF3EC0049D886 /* DrawingCirclesTests.m */,
				406FEDDD198AF3EC0049D886 /* Supporting Files */,
			);
			path = DrawingCirclesTests;
			sourceTree = "<group>";
		};
		406FEDDD198AF3EC0049D886 /* Supporting Files */ = {
			isa = PBXGroup;
			children = (
				406FEDDE198AF3EC0049D886 /* DrawingCirclesTests-Info.plist */,
				406FEDDF198AF3EC0049D886 /* InfoPlist.strings */,
			);
			name = "Supporting Files";
			sourceTree = "<group>";
		};
/* End PBXGroup section */

/* Begin PBXNativeTarget section */
		406FEDB3198AF3EC0049D886 /* DrawingCircles */ = {
			isa = PBXNativeTarget;
			buildConfigurationList = 406FEDE6198AF3EC0049D886 /* Build configuration list for PBXNativeTarget "DrawingCircles" */;
			buildPhases = (
				406FEDB0198AF3EC0049D886 /* Sources */,
				406FEDB1198AF3EC0049D886 /* Frameworks */,
				406FEDB2198AF3EC0049D886 /* Resources */,
			);
			buildRules = (
			);
			dependencies = (
			);
			name = DrawingCircles;
			productName = DrawingCircles;
			productReference = 406FEDB4198AF3EC0049D886 /* DrawingCircles.app */;
			productType = "com.apple.product-type.application";
		};
		406FEDD4198AF3EC0049D886 /* DrawingCirclesTests */ = {
			isa = PBXNativeTarget;
			buildConfigurationList = 406FEDE9198AF3EC0049D886 /* Build configuration list for PBXNativeTarget "DrawingCirclesTests" */;
			buildPhases = (
				406FEDD1198AF3EC0049D886 /* Sources */,
				406FEDD2198AF3EC0049D886 /* Frameworks */,
				406FEDD3198AF3EC0049D886 /* Resources */,
			);
			buildRules = (
			);
			dependencies = (
				406FEDDB198AF3EC0049D886 /* PBXTargetDependency */,
			);
			name = DrawingCirclesTests;
			productName = DrawingCirclesTests;
			productReference = 406FEDD5198AF3EC0049D886 /* DrawingCirclesTests.xctest */;
			productType = "com.apple.product-type.bundle.unit-test";
		};
/* End PBXNativeTarget section */

/* Begin PBXProject section */
		406FEDAC198AF3EC0049D886 /* Project object */ = {
			isa = PBXProject;
			attributes = {
				CLASSPREFIX = SP;
				LastUpgradeCheck = 0510;
				ORGANIZATIONNAME = "Sergio Padrino";
				TargetAttributes = {
					406FEDD4198AF3EC0049D886 = {
						TestTargetID = 406FEDB3198AF3EC0049D886;
					};
				};
			};
			buildConfigurationList = 406FEDAF198AF3EC0049D886 /* Build configuration list for PBXProject "DrawingCircles" */;
			compatibilityVersion = "Xcode 3.2";
			developmentRegion = English;
			hasScannedForEncodings = 0;
			knownRegions = (
				en,
				Base,
			);
			mainGroup = 406FEDAB198AF3EC0049D886;
			productRefGroup = 406FEDB5198AF3EC0049D886 /* Products */;
			projectDirPath = "";
			projectRoot = "";
			targets = (
				406FEDB3198AF3EC0049D886 /* DrawingCircles */,
				406FEDD4198AF3EC0049D886 /* DrawingCirclesTests */,
			);
		};
/* End PBXProject section */

/* Begin PBXResourcesBuildPhase section */
		406FEDB2198AF3EC0049D886 /* Resources */ = {
			isa = PBXResourcesBuildPhase;
			buildActionMask = 2147483647;
			files = (
				406FEDD0198AF3EC0049D886 /* Images.xcassets in Resources */,
				406FEDC2198AF3EC0049D886 /* InfoPlist.strings in Resources */,
				406FEDCB198AF3EC0049D886 /* Main.storyboard in Resources */,
			);
			runOnlyForDeploymentPostprocessing = 0;
		};
		406FEDD3198AF3EC0049D886 /* Resources */ = {
			isa = PBXResourcesBuildPhase;
			buildActionMask = 2147483647;
			files = (
				406FEDE1198AF3EC0049D886 /* InfoPlist.strings in Resources */,
			);
			runOnlyForDeploymentPostprocessing = 0;
		};
/* End PBXResourcesBuildPhase section */

/* Begin PBXSourcesBuildPhase section */
		406FEDB0198AF3EC0049D886 /* Sources */ = {
			isa = PBXSourcesBuildPhase;
			buildActionMask = 2147483647;
			files = (
				406FEDF0198AF6220049D886 /* SPShapeCircleLayer.m in Sources */,
				406FEDC4198AF3EC0049D886 /* main.m in Sources */,
				406FEDCE198AF3EC0049D886 /* SPViewController.m in Sources */,
				406FEDC8198AF3EC0049D886 /* SPAppDelegate.m in Sources */,
				406FEDF1198AF6220049D886 /* SPDrawCircleLayer.m in Sources */,
			);
			runOnlyForDeploymentPostprocessing = 0;
		};
		406FEDD1198AF3EC0049D886 /* Sources */ = {
			isa = PBXSourcesBuildPhase;
			buildActionMask = 2147483647;
			files = (
				406FEDE3198AF3EC0049D886 /* DrawingCirclesTests.m in Sources */,
			);
			runOnlyForDeploymentPostprocessing = 0;
		};
/* End PBXSourcesBuildPhase section */

/* Begin PBXTargetDependency section */
		406FEDDB198AF3EC0049D886 /* PBXTargetDependency */ = {
			isa = PBXTargetDependency;
			target = 406FEDB3198AF3EC0049D886 /* DrawingCircles */;
			targetProxy = 406FEDDA198AF3EC0049D886 /* PBXContainerItemProxy */;
		};
/* End PBXTargetDependency section */

/* Begin PBXVariantGroup section */
		406FEDC0198AF3EC0049D886 /* InfoPlist.strings */ = {
			isa = PBXVariantGroup;
			children = (
				406FEDC1198AF3EC0049D886 /* en */,
			);
			name = InfoPlist.strings;
			sourceTree = "<group>";
		};
		406FEDC9198AF3EC0049D886 /* Main.storyboard */ = {
			isa = PBXVariantGroup;
			children = (
				406FEDCA198AF3EC0049D886 /* Base */,
			);
			name = Main.storyboard;
			sourceTree = "<group>";
		};
		406FEDDF198AF3EC0049D886 /* InfoPlist.strings */ = {
			isa = PBXVariantGroup;
			children = (
				406FEDE0198AF3EC0049D886 /* en */,
			);
			name = InfoPlist.strings;
			sourceTree = "<group>";
		};
/* End PBXVariantGroup section */

/* Begin XCBuildConfiguration section */
		406FEDE4198AF3EC0049D886 /* Debug */ = {
			isa = XCBuildConfiguration;
			buildSettings = {
				ALWAYS_SEARCH_USER_PATHS = NO;
				CLANG_CXX_LANGUAGE_STANDARD = "gnu++0x";
				CLANG_CXX_LIBRARY = "libc++";
				CLANG_ENABLE_MODULES = YES;
				CLANG_ENABLE_OBJC_ARC = YES;
				CLANG_WARN_BOOL_CONVERSION = YES;
				CLANG_WARN_CONSTANT_CONVERSION = YES;
				CLANG_WARN_DIRECT_OBJC_ISA_USAGE = YES_ERROR;
				CLANG_WARN_EMPTY_BODY = YES;
				CLANG_WARN_ENUM_CONVERSION = YES;
				CLANG_WARN_INT_CONVERSION = YES;
				CLANG_WARN_OBJC_ROOT_CLASS = YES_ERROR;
				CLANG_WARN__DUPLICATE_METHOD_MATCH = YES;
				"CODE_SIGN_IDENTITY[sdk=iphoneos*]" = "iPhone Developer";
				COPY_PHASE_STRIP = NO;
				GCC_C_LANGUAGE_STANDARD = gnu99;
				GCC_DYNAMIC_NO_PIC = NO;
				GCC_OPTIMIZATION_LEVEL = 0;
				GCC_PREPROCESSOR_DEFINITIONS = (
					"DEBUG=1",
					"$(inherited)",
				);
				GCC_SYMBOLS_PRIVATE_EXTERN = NO;
				GCC_WARN_64_TO_32_BIT_CONVERSION = YES;
				GCC_WARN_ABOUT_RETURN_TYPE = YES_ERROR;
				GCC_WARN_UNDECLARED_SELECTOR = YES;
				GCC_WARN_UNINITIALIZED_AUTOS = YES_AGGRESSIVE;
				GCC_WARN_UNUSED_FUNCTION = YES;
				GCC_WARN_UNUSED_VARIABLE = YES;
				IPHONEOS_DEPLOYMENT_TARGET = 7.1;
				ONLY_ACTIVE_ARCH = YES;
				SDKROOT = iphoneos;
			};
			name = Debug;
		};
		406FEDE5198AF3EC0049D886 /* Release */ = {
			isa = XCBuildConfiguration;
			buildSettings = {
				ALWAYS_SEARCH_USER_PATHS = NO;
				CLANG_CXX_LANGUAGE_STANDARD = "gnu++0x";
				CLANG_CXX_LIBRARY = "libc++";
				CLANG_ENABLE_MODULES = YES;
				CLANG_ENABLE_OBJC_ARC = YES;
				CLANG_WARN_BOOL_CONVERSION = YES;
				CLANG_WARN_CONSTANT_CONVERSION = YES;
				CLANG_WARN_DIRECT_OBJC_ISA_USAGE = YES_ERROR;
				CLANG_WARN_EMPTY_BODY = YES;
				CLANG_WARN_ENUM_CONVERSION = YES;
				CLANG_WARN_INT_CONVERSION = YES;
				CLANG_WARN_OBJC_ROOT_CLASS = YES_ERROR;
				CLANG_WARN__DUPLICATE_METHOD_MATCH = YES;
				"CODE_SIGN_IDENTITY[sdk=iphoneos*]" = "iPhone Developer";
				COPY_PHASE_STRIP = YES;
				ENABLE_NS_ASSERTIONS = NO;
				GCC_C_LANGUAGE_STANDARD = gnu99;
				GCC_WARN_64_TO_32_BIT_CONVERSION = YES;
				GCC_WARN_ABOUT_RETURN_TYPE = YES_ERROR;
				GCC_WARN_UNDECLARED_SELECTOR = YES;
				GCC_WARN_UNINITIALIZED_AUTOS = YES_AGGRESSIVE;
				GCC_WARN_UNUSED_FUNCTION = YES;
				GCC_WARN_UNUSED_VARIABLE = YES;
				IPHONEOS_DEPLOYMENT_TARGET = 7.1;
				SDKROOT = iphoneos;
				VALIDATE_PRODUCT = YES;
			};
			name = Release;
		};
		406FEDE7198AF3EC0049D886 /* Debug */ = {
			isa = XCBuildConfiguration;
			buildSettings = {
				ASSETCATALOG_COMPILER_APPICON_NAME = AppIcon;
				ASSETCATALOG_COMPILER_LAUNCHIMAGE_NAME = LaunchImage;
				GCC_PRECOMPILE_PREFIX_HEADER = YES;
				GCC_PREFIX_HEADER = "DrawingCircles/DrawingCircles-Prefix.pch";
				INFOPLIST_FILE = "DrawingCircles/DrawingCircles-Info.plist";
				PRODUCT_NAME = "$(TARGET_NAME)";
				WRAPPER_EXTENSION = app;
			};
			name = Debug;
		};
		406FEDE8198AF3EC0049D886 /* Release */ = {
			isa = XCBuildConfiguration;
			buildSettings = {
				ASSETCATALOG_COMPILER_APPICON_NAME = AppIcon;
				ASSETCATALOG_COMPILER_LAUNCHIMAGE_NAME = LaunchImage;
				GCC_PRECOMPILE_PREFIX_HEADER = YES;
				GCC_PREFIX_HEADER = "DrawingCircles/DrawingCircles-Prefix.pch";
				INFOPLIST_FILE = "DrawingCircles/DrawingCircles-Info.plist";
				PRODUCT_NAME = "$(TARGET_NAME)";
				WRAPPER_EXTENSION = app;
			};
			name = Release;
		};
		406FEDEA198AF3EC0049D886 /* Debug */ = {
			isa = XCBuildConfiguration;
			buildSettings = {
				BUNDLE_LOADER = "$(BUILT_PRODUCTS_DIR)/DrawingCircles.app/DrawingCircles";
				FRAMEWORK_SEARCH_PATHS = (
					"$(SDKROOT)/Developer/Library/Frameworks",
					"$(inherited)",
					"$(DEVELOPER_FRAMEWORKS_DIR)",
				);
				GCC_PRECOMPILE_PREFIX_HEADER = YES;
				GCC_PREFIX_HEADER = "DrawingCircles/DrawingCircles-Prefix.pch";
				GCC_PREPROCESSOR_DEFINITIONS = (
					"DEBUG=1",
					"$(inherited)",
				);
				INFOPLIST_FILE = "DrawingCirclesTests/DrawingCirclesTests-Info.plist";
				PRODUCT_NAME = "$(TARGET_NAME)";
				TEST_HOST = "$(BUNDLE_LOADER)";
				WRAPPER_EXTENSION = xctest;
			};
			name = Debug;
		};
		406FEDEB198AF3EC0049D886 /* Release */ = {
			isa = XCBuildConfiguration;
			buildSettings = {
				BUNDLE_LOADER = "$(BUILT_PRODUCTS_DIR)/DrawingCircles.app/DrawingCircles";
				FRAMEWORK_SEARCH_PATHS = (
					"$(SDKROOT)/Developer/Library/Frameworks",
					"$(inherited)",
					"$(DEVELOPER_FRAMEWORKS_DIR)",
				);
				GCC_PRECOMPILE_PREFIX_HEADER = YES;
				GCC_PREFIX_HEADER = "DrawingCircles/DrawingCircles-Prefix.pch";
				INFOPLIST_FILE = "DrawingCirclesTests/DrawingCirclesTests-Info.plist";
				PRODUCT_NAME = "$(TARGET_NAME)";
				TEST_HOST = "$(BUNDLE_LOADER)";
				WRAPPER_EXTENSION = xctest;
			};
			name = Release;
		};
/* End XCBuildConfiguration section */

/* Begin XCConfigurationList section */
		406FEDAF198AF3EC0049D886 /* Build configuration list for PBXProject "DrawingCircles" */ = {
			isa = XCConfigurationList;
			buildConfigurations = (
				406FEDE4198AF3EC0049D886 /* Debug */,
				406FEDE5198AF3EC0049D886 /* Release */,
			);
			defaultConfigurationIsVisible = 0;
			defaultConfigurationName = Release;
		};
		406FEDE6198AF3EC0049D886 /* Build configuration list for PBXNativeTarget "DrawingCircles" */ = {
			isa = XCConfigurationList;
			buildConfigurations = (
				406FEDE7198AF3EC0049D886 /* Debug */,
				406FEDE8198AF3EC0049D886 /* Release */,
			);
			defaultConfigurationIsVisible = 0;
			defaultConfigurationName = Release;
		};
		406FEDE9198AF3EC0049D886 /* Build configuration list for PBXNativeTarget "DrawingCirclesTests" */ = {
			isa = XCConfigurationList;
			buildConfigurations = (
				406FEDEA198AF3EC0049D886 /* Debug */,
				406FEDEB198AF3EC0049D886 /* Release */,
			);
			defaultConfigurationIsVisible = 0;
			defaultConfigurationName = Release;
		};
/* End XCConfigurationList section */
	};
	rootObject = 406FEDAC198AF3EC0049D886 /* Project object */;
}
